// !$*UTF8*$!
{
	archiveVersion = 1;
	classes = {
	};
	objectVersion = 55;
	objects = {

/* Begin PBXBuildFile section */
		C5DC38DA660712418398BB5E /* Pods_BeautyAPi.framework in Frameworks */ = {isa = PBXBuildFile; fileRef = 9A74E98AAF37F5AC2599EC0B /* Pods_BeautyAPi.framework */; };
		E70ADED02A68E3FB009947CF /* EFGlobalSingleton.m in Sources */ = {isa = PBXBuildFile; fileRef = E70ADECF2A68E3FB009947CF /* EFGlobalSingleton.m */; };
		E72D78162A25963500C9134C /* AppDelegate.swift in Sources */ = {isa = PBXBuildFile; fileRef = E72D78152A25963500C9134C /* AppDelegate.swift */; };
		E72D78182A25963500C9134C /* SceneDelegate.swift in Sources */ = {isa = PBXBuildFile; fileRef = E72D78172A25963500C9134C /* SceneDelegate.swift */; };
		E72D781D2A25963500C9134C /* Main.storyboard in Resources */ = {isa = PBXBuildFile; fileRef = E72D781B2A25963500C9134C /* Main.storyboard */; };
		E72D781F2A25963600C9134C /* Assets.xcassets in Resources */ = {isa = PBXBuildFile; fileRef = E72D781E2A25963600C9134C /* Assets.xcassets */; };
		E72D78222A25963600C9134C /* LaunchScreen.storyboard in Resources */ = {isa = PBXBuildFile; fileRef = E72D78202A25963600C9134C /* LaunchScreen.storyboard */; };
		E72D783E2A25976500C9134C /* EffectsAttribute.m in Sources */ = {isa = PBXBuildFile; fileRef = E72D782B2A25976500C9134C /* EffectsAttribute.m */; };
		E72D783F2A25976500C9134C /* Effects.m in Sources */ = {isa = PBXBuildFile; fileRef = E72D782D2A25976500C9134C /* Effects.m */; };
		E72D78402A25976500C9134C /* EffectsDetector.m in Sources */ = {isa = PBXBuildFile; fileRef = E72D782E2A25976500C9134C /* EffectsDetector.m */; };
		E72D78412A25976500C9134C /* EffectsAnimal.m in Sources */ = {isa = PBXBuildFile; fileRef = E72D78302A25976500C9134C /* EffectsAnimal.m */; };
		E72D78422A25976500C9134C /* EffectsProcess.m in Sources */ = {isa = PBXBuildFile; fileRef = E72D78312A25976500C9134C /* EffectsProcess.m */; };
		E72D78432A25976500C9134C /* VideoProcessingManager.m in Sources */ = {isa = PBXBuildFile; fileRef = E72D78322A25976500C9134C /* VideoProcessingManager.m */; };
		E72D78442A25976500C9134C /* EffectsLicense.m in Sources */ = {isa = PBXBuildFile; fileRef = E72D78342A25976500C9134C /* EffectsLicense.m */; };
		E72D78462A25976500C9134C /* EFMotionManager.m in Sources */ = {isa = PBXBuildFile; fileRef = E72D78392A25976500C9134C /* EFMotionManager.m */; };
		E72D78472A25976500C9134C /* EffectsCommonObject.m in Sources */ = {isa = PBXBuildFile; fileRef = E72D783B2A25976500C9134C /* EffectsCommonObject.m */; };
		E72D78572A259E9C00C9134C /* KeyCenter.swift in Sources */ = {isa = PBXBuildFile; fileRef = E72D78562A259E9C00C9134C /* KeyCenter.swift */; };
		E72D786B2A27313F00C9134C /* ViewController.swift in Sources */ = {isa = PBXBuildFile; fileRef = E72D78192A25963500C9134C /* ViewController.swift */; };
		E72D787C2A284A1C00C9134C /* BeautyViewController.swift in Sources */ = {isa = PBXBuildFile; fileRef = E72D787B2A284A1C00C9134C /* BeautyViewController.swift */; };
		E72D787E2A284BBA00C9134C /* BeautyViewController.storyboard in Resources */ = {isa = PBXBuildFile; fileRef = E72D787D2A284BBA00C9134C /* BeautyViewController.storyboard */; };
		E72D78812A286F1600C9134C /* PickerView.swift in Sources */ = {isa = PBXBuildFile; fileRef = E72D78802A286F1600C9134C /* PickerView.swift */; };
		E72D78832A286F2900C9134C /* AlertManager.swift in Sources */ = {isa = PBXBuildFile; fileRef = E72D78822A286F2900C9134C /* AlertManager.swift */; };
		E72D78872A2893F300C9134C /* CLSettingCellView.swift in Sources */ = {isa = PBXBuildFile; fileRef = E72D78862A2893F300C9134C /* CLSettingCellView.swift */; };
		E72D78892A2897E200C9134C /* Configs.swift in Sources */ = {isa = PBXBuildFile; fileRef = E72D78882A2897E200C9134C /* Configs.swift */; };
		E72F625E2A8A0F9600C963D2 /* BeautyMenuItemVC.swift in Sources */ = {isa = PBXBuildFile; fileRef = E72F625C2A8A0F9600C963D2 /* BeautyMenuItemVC.swift */; };
		E72F625F2A8A0F9600C963D2 /* BeautyBaseVC.swift in Sources */ = {isa = PBXBuildFile; fileRef = E72F625D2A8A0F9600C963D2 /* BeautyBaseVC.swift */; };
		E72F62612A8A0FDD00C963D2 /* BeautyMenuItemCell.swift in Sources */ = {isa = PBXBuildFile; fileRef = E72F62602A8A0FDD00C963D2 /* BeautyMenuItemCell.swift */; };
		E72F62632A8A0FF900C963D2 /* BeautyModel.swift in Sources */ = {isa = PBXBuildFile; fileRef = E72F62622A8A0FF900C963D2 /* BeautyModel.swift */; };
		E72F62652A8A102B00C963D2 /* BeautyResource.bundle in Resources */ = {isa = PBXBuildFile; fileRef = E72F62642A8A102B00C963D2 /* BeautyResource.bundle */; };
		E72F62672A8A114D00C963D2 /* String+Localizable.swift in Sources */ = {isa = PBXBuildFile; fileRef = E72F62662A8A114D00C963D2 /* String+Localizable.swift */; };
		E72F62692A8A11D100C963D2 /* UIImage+Show.swift in Sources */ = {isa = PBXBuildFile; fileRef = E72F62682A8A11D100C963D2 /* UIImage+Show.swift */; };
		E72F626F2A8A2E6A00C963D2 /* FUBeautyManager.swift in Sources */ = {isa = PBXBuildFile; fileRef = E72F626C2A8A2E6A00C963D2 /* FUBeautyManager.swift */; };
		E72F62702A8A2E6A00C963D2 /* SenseBeautyManager.swift in Sources */ = {isa = PBXBuildFile; fileRef = E72F626D2A8A2E6A00C963D2 /* SenseBeautyManager.swift */; };
		E72F62712A8A2E6A00C963D2 /* ByteBeautyManager.swift in Sources */ = {isa = PBXBuildFile; fileRef = E72F626E2A8A2E6A00C963D2 /* ByteBeautyManager.swift */; };
		E72F62732A8A2F0700C963D2 /* BeautyManager.swift in Sources */ = {isa = PBXBuildFile; fileRef = E72F62722A8A2F0700C963D2 /* BeautyManager.swift */; };
		E72F62782A8A3A9D00C963D2 /* UIColor+Hex.swift in Sources */ = {isa = PBXBuildFile; fileRef = E72F62772A8A3A9D00C963D2 /* UIColor+Hex.swift */; };
		E77902B72A4D636C008791AD /* BELicenseHelper.mm in Sources */ = {isa = PBXBuildFile; fileRef = E779029B2A4D636C008791AD /* BELicenseHelper.mm */; };
		E77902B82A4D636C008791AD /* BEOpenGLRenderHelper.m in Sources */ = {isa = PBXBuildFile; fileRef = E779029C2A4D636C008791AD /* BEOpenGLRenderHelper.m */; };
		E77902B92A4D636C008791AD /* BEEffectManager.mm in Sources */ = {isa = PBXBuildFile; fileRef = E779029F2A4D636C008791AD /* BEEffectManager.mm */; };
		E77902BB2A4D636C008791AD /* BEEffectResourceHelper.m in Sources */ = {isa = PBXBuildFile; fileRef = E77902A42A4D636C008791AD /* BEEffectResourceHelper.m */; };
		E77902C02A4D636C008791AD /* BEGLTexture.m in Sources */ = {isa = PBXBuildFile; fileRef = E77902AD2A4D636C008791AD /* BEGLTexture.m */; };
		E77902C12A4D636C008791AD /* BEHttpRequestProvider.mm in Sources */ = {isa = PBXBuildFile; fileRef = E77902AF2A4D636C008791AD /* BEHttpRequestProvider.mm */; };
		E77902C32A4D636C008791AD /* BEImageUtils.m in Sources */ = {isa = PBXBuildFile; fileRef = E77902B42A4D636C008791AD /* BEImageUtils.m */; };
		E77902F82A57C067008791AD /* FUManager.m in Sources */ = {isa = PBXBuildFile; fileRef = E77902F72A57C066008791AD /* FUManager.m */; };
		E779030B2A57E643008791AD /* BundleUtil.m in Sources */ = {isa = PBXBuildFile; fileRef = E779030A2A57E643008791AD /* BundleUtil.m */; };
		E779031B2A57EE58008791AD /* FUBeautyRender.m in Sources */ = {isa = PBXBuildFile; fileRef = E77903102A57EE58008791AD /* FUBeautyRender.m */; };
		E779031C2A57EE58008791AD /* BeautyAPI.m in Sources */ = {isa = PBXBuildFile; fileRef = E77903132A57EE58008791AD /* BeautyAPI.m */; };
		E779031D2A57EE58008791AD /* SenseBeautyRender.m in Sources */ = {isa = PBXBuildFile; fileRef = E77903162A57EE58008791AD /* SenseBeautyRender.m */; };
		E779031E2A57EE58008791AD /* BytesBeautyRender.m in Sources */ = {isa = PBXBuildFile; fileRef = E77903182A57EE58008791AD /* BytesBeautyRender.m */; };
		E78A5D0B2ABBEC9F00132189 /* BETimeRecoder.m in Sources */ = {isa = PBXBuildFile; fileRef = E78A5D092ABBEC9F00132189 /* BETimeRecoder.m */; };
		E78A5D0F2ABC32F500132189 /* BEGLUtils.m in Sources */ = {isa = PBXBuildFile; fileRef = E78A5D0D2ABC32F500132189 /* BEGLUtils.m */; };
/* End PBXBuildFile section */

/* Begin PBXFileReference section */
		0D6108959E288EB21E103A36 /* Pods-BeautyAPi.debug.xcconfig */ = {isa = PBXFileReference; includeInIndex = 1; lastKnownFileType = text.xcconfig; name = "Pods-BeautyAPi.debug.xcconfig"; path = "Target Support Files/Pods-BeautyAPi/Pods-BeautyAPi.debug.xcconfig"; sourceTree = "<group>"; };
		9A74E98AAF37F5AC2599EC0B /* Pods_BeautyAPi.framework */ = {isa = PBXFileReference; explicitFileType = wrapper.framework; includeInIndex = 0; path = Pods_BeautyAPi.framework; sourceTree = BUILT_PRODUCTS_DIR; };
		A646339435DAD37A2AE0A5BC /* Pods-BeautyAPi.release.xcconfig */ = {isa = PBXFileReference; includeInIndex = 1; lastKnownFileType = text.xcconfig; name = "Pods-BeautyAPi.release.xcconfig"; path = "Target Support Files/Pods-BeautyAPi/Pods-BeautyAPi.release.xcconfig"; sourceTree = "<group>"; };
		E70ADECE2A68E3FB009947CF /* EFGlobalSingleton.h */ = {isa = PBXFileReference; fileEncoding = 4; lastKnownFileType = sourcecode.c.h; path = EFGlobalSingleton.h; sourceTree = "<group>"; };
		E70ADECF2A68E3FB009947CF /* EFGlobalSingleton.m */ = {isa = PBXFileReference; fileEncoding = 4; lastKnownFileType = sourcecode.c.objc; path = EFGlobalSingleton.m; sourceTree = "<group>"; };
		E726BFEE2A8CAA61006870E2 /* Accelerate.framework */ = {isa = PBXFileReference; lastKnownFileType = wrapper.framework; name = Accelerate.framework; path = System/Library/Frameworks/Accelerate.framework; sourceTree = SDKROOT; };
		E72D78122A25963500C9134C /* BeautyAPi.app */ = {isa = PBXFileReference; explicitFileType = wrapper.application; includeInIndex = 0; path = BeautyAPi.app; sourceTree = BUILT_PRODUCTS_DIR; };
		E72D78152A25963500C9134C /* AppDelegate.swift */ = {isa = PBXFileReference; lastKnownFileType = sourcecode.swift; path = AppDelegate.swift; sourceTree = "<group>"; };
		E72D78172A25963500C9134C /* SceneDelegate.swift */ = {isa = PBXFileReference; lastKnownFileType = sourcecode.swift; path = SceneDelegate.swift; sourceTree = "<group>"; };
		E72D78192A25963500C9134C /* ViewController.swift */ = {isa = PBXFileReference; lastKnownFileType = sourcecode.swift; path = ViewController.swift; sourceTree = "<group>"; };
		E72D781C2A25963500C9134C /* Base */ = {isa = PBXFileReference; lastKnownFileType = file.storyboard; name = Base; path = Base.lproj/Main.storyboard; sourceTree = "<group>"; };
		E72D781E2A25963600C9134C /* Assets.xcassets */ = {isa = PBXFileReference; lastKnownFileType = folder.assetcatalog; path = Assets.xcassets; sourceTree = "<group>"; };
		E72D78212A25963600C9134C /* Base */ = {isa = PBXFileReference; lastKnownFileType = file.storyboard; name = Base; path = Base.lproj/LaunchScreen.storyboard; sourceTree = "<group>"; };
		E72D78232A25963600C9134C /* Info.plist */ = {isa = PBXFileReference; lastKnownFileType = text.plist.xml; path = Info.plist; sourceTree = "<group>"; };
		E72D782A2A25976500C9134C /* EffectsLicense.h */ = {isa = PBXFileReference; fileEncoding = 4; lastKnownFileType = sourcecode.c.h; path = EffectsLicense.h; sourceTree = "<group>"; };
		E72D782B2A25976500C9134C /* EffectsAttribute.m */ = {isa = PBXFileReference; fileEncoding = 4; lastKnownFileType = sourcecode.c.objc; path = EffectsAttribute.m; sourceTree = "<group>"; };
		E72D782C2A25976500C9134C /* EFMotionManager.h */ = {isa = PBXFileReference; fileEncoding = 4; lastKnownFileType = sourcecode.c.h; path = EFMotionManager.h; sourceTree = "<group>"; };
		E72D782D2A25976500C9134C /* Effects.m */ = {isa = PBXFileReference; fileEncoding = 4; lastKnownFileType = sourcecode.c.objc; path = Effects.m; sourceTree = "<group>"; };
		E72D782E2A25976500C9134C /* EffectsDetector.m */ = {isa = PBXFileReference; fileEncoding = 4; lastKnownFileType = sourcecode.c.objc; path = EffectsDetector.m; sourceTree = "<group>"; };
		E72D782F2A25976500C9134C /* EffectsCommonObject.h */ = {isa = PBXFileReference; fileEncoding = 4; lastKnownFileType = sourcecode.c.h; path = EffectsCommonObject.h; sourceTree = "<group>"; };
		E72D78302A25976500C9134C /* EffectsAnimal.m */ = {isa = PBXFileReference; fileEncoding = 4; lastKnownFileType = sourcecode.c.objc; path = EffectsAnimal.m; sourceTree = "<group>"; };
		E72D78312A25976500C9134C /* EffectsProcess.m */ = {isa = PBXFileReference; fileEncoding = 4; lastKnownFileType = sourcecode.c.objc; path = EffectsProcess.m; sourceTree = "<group>"; };
		E72D78322A25976500C9134C /* VideoProcessingManager.m */ = {isa = PBXFileReference; fileEncoding = 4; lastKnownFileType = sourcecode.c.objc; path = VideoProcessingManager.m; sourceTree = "<group>"; };
		E72D78332A25976500C9134C /* EffectsAttribute.h */ = {isa = PBXFileReference; fileEncoding = 4; lastKnownFileType = sourcecode.c.h; path = EffectsAttribute.h; sourceTree = "<group>"; };
		E72D78342A25976500C9134C /* EffectsLicense.m */ = {isa = PBXFileReference; fileEncoding = 4; lastKnownFileType = sourcecode.c.objc; path = EffectsLicense.m; sourceTree = "<group>"; };
		E72D78362A25976500C9134C /* EffectsDetector.h */ = {isa = PBXFileReference; fileEncoding = 4; lastKnownFileType = sourcecode.c.h; path = EffectsDetector.h; sourceTree = "<group>"; };
		E72D78372A25976500C9134C /* Effects.h */ = {isa = PBXFileReference; fileEncoding = 4; lastKnownFileType = sourcecode.c.h; path = Effects.h; sourceTree = "<group>"; };
		E72D78382A25976500C9134C /* EffectMacro.h */ = {isa = PBXFileReference; fileEncoding = 4; lastKnownFileType = sourcecode.c.h; path = EffectMacro.h; sourceTree = "<group>"; };
		E72D78392A25976500C9134C /* EFMotionManager.m */ = {isa = PBXFileReference; fileEncoding = 4; lastKnownFileType = sourcecode.c.objc; path = EFMotionManager.m; sourceTree = "<group>"; };
		E72D783A2A25976500C9134C /* EffectsAnimal.h */ = {isa = PBXFileReference; fileEncoding = 4; lastKnownFileType = sourcecode.c.h; path = EffectsAnimal.h; sourceTree = "<group>"; };
		E72D783B2A25976500C9134C /* EffectsCommonObject.m */ = {isa = PBXFileReference; fileEncoding = 4; lastKnownFileType = sourcecode.c.objc; path = EffectsCommonObject.m; sourceTree = "<group>"; };
		E72D783C2A25976500C9134C /* VideoProcessingManager.h */ = {isa = PBXFileReference; fileEncoding = 4; lastKnownFileType = sourcecode.c.h; path = VideoProcessingManager.h; sourceTree = "<group>"; };
		E72D783D2A25976500C9134C /* EffectsProcess.h */ = {isa = PBXFileReference; fileEncoding = 4; lastKnownFileType = sourcecode.c.h; path = EffectsProcess.h; sourceTree = "<group>"; };
		E72D784E2A2598B900C9134C /* BeautyAPI-Bridging-Header.h */ = {isa = PBXFileReference; lastKnownFileType = sourcecode.c.h; path = "BeautyAPI-Bridging-Header.h"; sourceTree = "<group>"; };
		E72D78562A259E9C00C9134C /* KeyCenter.swift */ = {isa = PBXFileReference; fileEncoding = 4; lastKnownFileType = sourcecode.swift; path = KeyCenter.swift; sourceTree = "<group>"; };
		E72D787B2A284A1C00C9134C /* BeautyViewController.swift */ = {isa = PBXFileReference; lastKnownFileType = sourcecode.swift; path = BeautyViewController.swift; sourceTree = "<group>"; };
		E72D787D2A284BBA00C9134C /* BeautyViewController.storyboard */ = {isa = PBXFileReference; lastKnownFileType = file.storyboard; path = BeautyViewController.storyboard; sourceTree = "<group>"; };
		E72D78802A286F1600C9134C /* PickerView.swift */ = {isa = PBXFileReference; fileEncoding = 4; lastKnownFileType = sourcecode.swift; path = PickerView.swift; sourceTree = "<group>"; };
		E72D78822A286F2900C9134C /* AlertManager.swift */ = {isa = PBXFileReference; fileEncoding = 4; lastKnownFileType = sourcecode.swift; path = AlertManager.swift; sourceTree = "<group>"; };
		E72D78862A2893F300C9134C /* CLSettingCellView.swift */ = {isa = PBXFileReference; fileEncoding = 4; lastKnownFileType = sourcecode.swift; path = CLSettingCellView.swift; sourceTree = "<group>"; };
		E72D78882A2897E200C9134C /* Configs.swift */ = {isa = PBXFileReference; lastKnownFileType = sourcecode.swift; path = Configs.swift; sourceTree = "<group>"; };
		E72F625C2A8A0F9600C963D2 /* BeautyMenuItemVC.swift */ = {isa = PBXFileReference; fileEncoding = 4; lastKnownFileType = sourcecode.swift; path = BeautyMenuItemVC.swift; sourceTree = "<group>"; };
		E72F625D2A8A0F9600C963D2 /* BeautyBaseVC.swift */ = {isa = PBXFileReference; fileEncoding = 4; lastKnownFileType = sourcecode.swift; path = BeautyBaseVC.swift; sourceTree = "<group>"; };
		E72F62602A8A0FDD00C963D2 /* BeautyMenuItemCell.swift */ = {isa = PBXFileReference; fileEncoding = 4; lastKnownFileType = sourcecode.swift; path = BeautyMenuItemCell.swift; sourceTree = "<group>"; };
		E72F62622A8A0FF900C963D2 /* BeautyModel.swift */ = {isa = PBXFileReference; fileEncoding = 4; lastKnownFileType = sourcecode.swift; path = BeautyModel.swift; sourceTree = "<group>"; };
		E72F62642A8A102B00C963D2 /* BeautyResource.bundle */ = {isa = PBXFileReference; lastKnownFileType = "wrapper.plug-in"; path = BeautyResource.bundle; sourceTree = "<group>"; };
		E72F62662A8A114D00C963D2 /* String+Localizable.swift */ = {isa = PBXFileReference; lastKnownFileType = sourcecode.swift; path = "String+Localizable.swift"; sourceTree = "<group>"; };
		E72F62682A8A11D100C963D2 /* UIImage+Show.swift */ = {isa = PBXFileReference; fileEncoding = 4; lastKnownFileType = sourcecode.swift; path = "UIImage+Show.swift"; sourceTree = "<group>"; };
		E72F626C2A8A2E6A00C963D2 /* FUBeautyManager.swift */ = {isa = PBXFileReference; fileEncoding = 4; lastKnownFileType = sourcecode.swift; path = FUBeautyManager.swift; sourceTree = "<group>"; };
		E72F626D2A8A2E6A00C963D2 /* SenseBeautyManager.swift */ = {isa = PBXFileReference; fileEncoding = 4; lastKnownFileType = sourcecode.swift; path = SenseBeautyManager.swift; sourceTree = "<group>"; };
		E72F626E2A8A2E6A00C963D2 /* ByteBeautyManager.swift */ = {isa = PBXFileReference; fileEncoding = 4; lastKnownFileType = sourcecode.swift; path = ByteBeautyManager.swift; sourceTree = "<group>"; };
		E72F62722A8A2F0700C963D2 /* BeautyManager.swift */ = {isa = PBXFileReference; fileEncoding = 4; lastKnownFileType = sourcecode.swift; path = BeautyManager.swift; sourceTree = "<group>"; };
		E72F62772A8A3A9D00C963D2 /* UIColor+Hex.swift */ = {isa = PBXFileReference; lastKnownFileType = sourcecode.swift; path = "UIColor+Hex.swift"; sourceTree = "<group>"; };
		E732E9202A31A786004403AF /* authpack.h */ = {isa = PBXFileReference; fileEncoding = 4; lastKnownFileType = sourcecode.c.h; path = authpack.h; sourceTree = "<group>"; };
		E779029B2A4D636C008791AD /* BELicenseHelper.mm */ = {isa = PBXFileReference; fileEncoding = 4; lastKnownFileType = sourcecode.cpp.objcpp; path = BELicenseHelper.mm; sourceTree = "<group>"; };
		E779029C2A4D636C008791AD /* BEOpenGLRenderHelper.m */ = {isa = PBXFileReference; fileEncoding = 4; lastKnownFileType = sourcecode.c.objc; path = BEOpenGLRenderHelper.m; sourceTree = "<group>"; };
		E779029D2A4D636C008791AD /* Core.h */ = {isa = PBXFileReference; fileEncoding = 4; lastKnownFileType = sourcecode.c.h; path = Core.h; sourceTree = "<group>"; };
		E779029F2A4D636C008791AD /* BEEffectManager.mm */ = {isa = PBXFileReference; fileEncoding = 4; lastKnownFileType = sourcecode.cpp.objcpp; path = BEEffectManager.mm; sourceTree = "<group>"; };
		E77902A02A4D636C008791AD /* BEGLTexture.h */ = {isa = PBXFileReference; fileEncoding = 4; lastKnownFileType = sourcecode.c.h; path = BEGLTexture.h; sourceTree = "<group>"; };
		E77902A12A4D636C008791AD /* BELicenseHelper.h */ = {isa = PBXFileReference; fileEncoding = 4; lastKnownFileType = sourcecode.c.h; path = BELicenseHelper.h; sourceTree = "<group>"; };
		E77902A22A4D636C008791AD /* macro.h */ = {isa = PBXFileReference; fileEncoding = 4; lastKnownFileType = sourcecode.c.h; path = macro.h; sourceTree = "<group>"; };
		E77902A42A4D636C008791AD /* BEEffectResourceHelper.m */ = {isa = PBXFileReference; fileEncoding = 4; lastKnownFileType = sourcecode.c.objc; path = BEEffectResourceHelper.m; sourceTree = "<group>"; };
		E77902A72A4D636C008791AD /* BEImageUtils.h */ = {isa = PBXFileReference; fileEncoding = 4; lastKnownFileType = sourcecode.c.h; path = BEImageUtils.h; sourceTree = "<group>"; };
		E77902AA2A4D636C008791AD /* BEOpenGLRenderHelper.h */ = {isa = PBXFileReference; fileEncoding = 4; lastKnownFileType = sourcecode.c.h; path = BEOpenGLRenderHelper.h; sourceTree = "<group>"; };
		E77902AD2A4D636C008791AD /* BEGLTexture.m */ = {isa = PBXFileReference; fileEncoding = 4; lastKnownFileType = sourcecode.c.objc; path = BEGLTexture.m; sourceTree = "<group>"; };
		E77902AE2A4D636C008791AD /* BEHttpRequestProvider.h */ = {isa = PBXFileReference; fileEncoding = 4; lastKnownFileType = sourcecode.c.h; path = BEHttpRequestProvider.h; sourceTree = "<group>"; };
		E77902AF2A4D636C008791AD /* BEHttpRequestProvider.mm */ = {isa = PBXFileReference; fileEncoding = 4; lastKnownFileType = sourcecode.cpp.objcpp; path = BEHttpRequestProvider.mm; sourceTree = "<group>"; };
		E77902B02A4D636C008791AD /* BEEffectManager.h */ = {isa = PBXFileReference; fileEncoding = 4; lastKnownFileType = sourcecode.c.h; path = BEEffectManager.h; sourceTree = "<group>"; };
		E77902B42A4D636C008791AD /* BEImageUtils.m */ = {isa = PBXFileReference; fileEncoding = 4; lastKnownFileType = sourcecode.c.objc; path = BEImageUtils.m; sourceTree = "<group>"; };
		E77902B52A4D636C008791AD /* BEEffectResourceHelper.h */ = {isa = PBXFileReference; fileEncoding = 4; lastKnownFileType = sourcecode.c.h; path = BEEffectResourceHelper.h; sourceTree = "<group>"; };
		E77902F62A57C066008791AD /* FUManager.h */ = {isa = PBXFileReference; fileEncoding = 4; lastKnownFileType = sourcecode.c.h; path = FUManager.h; sourceTree = "<group>"; };
		E77902F72A57C066008791AD /* FUManager.m */ = {isa = PBXFileReference; fileEncoding = 4; lastKnownFileType = sourcecode.c.objc; path = FUManager.m; sourceTree = "<group>"; };
		E77903092A57E643008791AD /* BundleUtil.h */ = {isa = PBXFileReference; fileEncoding = 4; lastKnownFileType = sourcecode.c.h; path = BundleUtil.h; sourceTree = "<group>"; };
		E779030A2A57E643008791AD /* BundleUtil.m */ = {isa = PBXFileReference; fileEncoding = 4; lastKnownFileType = sourcecode.c.objc; path = BundleUtil.m; sourceTree = "<group>"; };
		E779030E2A57EE58008791AD /* BeautyAPI.h */ = {isa = PBXFileReference; fileEncoding = 4; lastKnownFileType = sourcecode.c.h; path = BeautyAPI.h; sourceTree = "<group>"; };
		E77903102A57EE58008791AD /* FUBeautyRender.m */ = {isa = PBXFileReference; fileEncoding = 4; lastKnownFileType = sourcecode.c.objc; path = FUBeautyRender.m; sourceTree = "<group>"; };
		E77903112A57EE58008791AD /* FUBeautyRender.h */ = {isa = PBXFileReference; fileEncoding = 4; lastKnownFileType = sourcecode.c.h; path = FUBeautyRender.h; sourceTree = "<group>"; };
		E77903132A57EE58008791AD /* BeautyAPI.m */ = {isa = PBXFileReference; fileEncoding = 4; lastKnownFileType = sourcecode.c.objc; path = BeautyAPI.m; sourceTree = "<group>"; };
		E77903152A57EE58008791AD /* SenseBeautyRender.h */ = {isa = PBXFileReference; fileEncoding = 4; lastKnownFileType = sourcecode.c.h; path = SenseBeautyRender.h; sourceTree = "<group>"; };
		E77903162A57EE58008791AD /* SenseBeautyRender.m */ = {isa = PBXFileReference; fileEncoding = 4; lastKnownFileType = sourcecode.c.objc; path = SenseBeautyRender.m; sourceTree = "<group>"; };
		E77903182A57EE58008791AD /* BytesBeautyRender.m */ = {isa = PBXFileReference; fileEncoding = 4; lastKnownFileType = sourcecode.c.objc; path = BytesBeautyRender.m; sourceTree = "<group>"; };
		E77903192A57EE58008791AD /* BytesBeautyRender.h */ = {isa = PBXFileReference; fileEncoding = 4; lastKnownFileType = sourcecode.c.h; path = BytesBeautyRender.h; sourceTree = "<group>"; };
		E78A5D092ABBEC9F00132189 /* BETimeRecoder.m */ = {isa = PBXFileReference; fileEncoding = 4; lastKnownFileType = sourcecode.c.objc; path = BETimeRecoder.m; sourceTree = "<group>"; };
		E78A5D0A2ABBEC9F00132189 /* BETimeRecoder.h */ = {isa = PBXFileReference; fileEncoding = 4; lastKnownFileType = sourcecode.c.h; path = BETimeRecoder.h; sourceTree = "<group>"; };
		E78A5D0C2ABBECF900132189 /* Config.h */ = {isa = PBXFileReference; fileEncoding = 4; lastKnownFileType = sourcecode.c.h; path = Config.h; sourceTree = "<group>"; };
		E78A5D0D2ABC32F500132189 /* BEGLUtils.m */ = {isa = PBXFileReference; fileEncoding = 4; lastKnownFileType = sourcecode.c.objc; path = BEGLUtils.m; sourceTree = "<group>"; };
		E78A5D0E2ABC32F500132189 /* BEGLUtils.h */ = {isa = PBXFileReference; fileEncoding = 4; lastKnownFileType = sourcecode.c.h; path = BEGLUtils.h; sourceTree = "<group>"; };
/* End PBXFileReference section */

/* Begin PBXFrameworksBuildPhase section */
		E72D780F2A25963500C9134C /* Frameworks */ = {
			isa = PBXFrameworksBuildPhase;
			buildActionMask = 2147483647;
			files = (
				C5DC38DA660712418398BB5E /* Pods_BeautyAPi.framework in Frameworks */,
			);
			runOnlyForDeploymentPostprocessing = 0;
		};
/* End PBXFrameworksBuildPhase section */

/* Begin PBXGroup section */
		405A2F7BE14A28D459FC085D /* Frameworks */ = {
			isa = PBXGroup;
			children = (
				E726BFEE2A8CAA61006870E2 /* Accelerate.framework */,
				9A74E98AAF37F5AC2599EC0B /* Pods_BeautyAPi.framework */,
			);
			name = Frameworks;
			sourceTree = "<group>";
		};
		BBA2700A8AA84EDE8950173C /* Pods */ = {
			isa = PBXGroup;
			children = (
				0D6108959E288EB21E103A36 /* Pods-BeautyAPi.debug.xcconfig */,
				A646339435DAD37A2AE0A5BC /* Pods-BeautyAPi.release.xcconfig */,
			);
			path = Pods;
			sourceTree = "<group>";
		};
		E70ADE422A5E50BE009947CF /* Render */ = {
			isa = PBXGroup;
			children = (
				E779030F2A57EE58008791AD /* FURender */,
				E77903142A57EE58008791AD /* SenseRender */,
				E77903172A57EE58008791AD /* BytesRender */,
			);
			path = Render;
			sourceTree = "<group>";
		};
		E72D78092A25963500C9134C = {
			isa = PBXGroup;
			children = (
				E72D78142A25963500C9134C /* BeautyAPi */,
				E72D78132A25963500C9134C /* Products */,
				BBA2700A8AA84EDE8950173C /* Pods */,
				405A2F7BE14A28D459FC085D /* Frameworks */,
			);
			sourceTree = "<group>";
		};
		E72D78132A25963500C9134C /* Products */ = {
			isa = PBXGroup;
			children = (
				E72D78122A25963500C9134C /* BeautyAPi.app */,
			);
			name = Products;
			sourceTree = "<group>";
		};
		E72D78142A25963500C9134C /* BeautyAPi */ = {
			isa = PBXGroup;
			children = (
				E72D787F2A286F0900C9134C /* PickerView */,
				E72D78562A259E9C00C9134C /* KeyCenter.swift */,
				E72D78882A2897E200C9134C /* Configs.swift */,
				E72F625B2A8A0E5500C963D2 /* BeautyUI */,
				E779030C2A57EE58008791AD /* BeautyAPI */,
				E77903082A57E643008791AD /* Util */,
				E72D78292A25976500C9134C /* SenseBeaufy */,
				E732E91F2A31A786004403AF /* FUBeauty */,
				E77902992A4D636C008791AD /* ByteBeaufy */,
				E72D78152A25963500C9134C /* AppDelegate.swift */,
				E72D78172A25963500C9134C /* SceneDelegate.swift */,
				E72D78192A25963500C9134C /* ViewController.swift */,
				E72D787B2A284A1C00C9134C /* BeautyViewController.swift */,
				E72D787D2A284BBA00C9134C /* BeautyViewController.storyboard */,
				E72D781B2A25963500C9134C /* Main.storyboard */,
				E72D781E2A25963600C9134C /* Assets.xcassets */,
				E72D78202A25963600C9134C /* LaunchScreen.storyboard */,
				E72D78232A25963600C9134C /* Info.plist */,
				E72D784E2A2598B900C9134C /* BeautyAPI-Bridging-Header.h */,
			);
			path = BeautyAPi;
			sourceTree = "<group>";
		};
		E72D78292A25976500C9134C /* SenseBeaufy */ = {
			isa = PBXGroup;
			children = (
				E72D782A2A25976500C9134C /* EffectsLicense.h */,
				E72D78342A25976500C9134C /* EffectsLicense.m */,
				E72D782C2A25976500C9134C /* EFMotionManager.h */,
				E72D78392A25976500C9134C /* EFMotionManager.m */,
				E72D78372A25976500C9134C /* Effects.h */,
				E72D782D2A25976500C9134C /* Effects.m */,
				E72D78362A25976500C9134C /* EffectsDetector.h */,
				E72D782E2A25976500C9134C /* EffectsDetector.m */,
				E70ADECE2A68E3FB009947CF /* EFGlobalSingleton.h */,
				E70ADECF2A68E3FB009947CF /* EFGlobalSingleton.m */,
				E72D782F2A25976500C9134C /* EffectsCommonObject.h */,
				E72D783B2A25976500C9134C /* EffectsCommonObject.m */,
				E72D783A2A25976500C9134C /* EffectsAnimal.h */,
				E72D78302A25976500C9134C /* EffectsAnimal.m */,
				E72D783D2A25976500C9134C /* EffectsProcess.h */,
				E72D78312A25976500C9134C /* EffectsProcess.m */,
				E72D783C2A25976500C9134C /* VideoProcessingManager.h */,
				E72D78322A25976500C9134C /* VideoProcessingManager.m */,
				E72D78332A25976500C9134C /* EffectsAttribute.h */,
				E72D782B2A25976500C9134C /* EffectsAttribute.m */,
				E72D78382A25976500C9134C /* EffectMacro.h */,
			);
			path = SenseBeaufy;
			sourceTree = "<group>";
		};
		E72D787F2A286F0900C9134C /* PickerView */ = {
			isa = PBXGroup;
			children = (
				E72D78802A286F1600C9134C /* PickerView.swift */,
				E72D78822A286F2900C9134C /* AlertManager.swift */,
				E72D78862A2893F300C9134C /* CLSettingCellView.swift */,
			);
			path = PickerView;
			sourceTree = "<group>";
		};
		E72F625B2A8A0E5500C963D2 /* BeautyUI */ = {
			isa = PBXGroup;
			children = (
				E72F62762A8A3A8600C963D2 /* Extension */,
				E72F62752A8A3A7300C963D2 /* Manager */,
				E72F62742A8A3A2C00C963D2 /* Model */,
				E72F62642A8A102B00C963D2 /* BeautyResource.bundle */,
				E72F625D2A8A0F9600C963D2 /* BeautyBaseVC.swift */,
				E72F625C2A8A0F9600C963D2 /* BeautyMenuItemVC.swift */,
				E72F62602A8A0FDD00C963D2 /* BeautyMenuItemCell.swift */,
			);
			path = BeautyUI;
			sourceTree = "<group>";
		};
		E72F62742A8A3A2C00C963D2 /* Model */ = {
			isa = PBXGroup;
			children = (
				E72F62622A8A0FF900C963D2 /* BeautyModel.swift */,
			);
			path = Model;
			sourceTree = "<group>";
		};
		E72F62752A8A3A7300C963D2 /* Manager */ = {
			isa = PBXGroup;
			children = (
				E72F626E2A8A2E6A00C963D2 /* ByteBeautyManager.swift */,
				E72F626C2A8A2E6A00C963D2 /* FUBeautyManager.swift */,
				E72F626D2A8A2E6A00C963D2 /* SenseBeautyManager.swift */,
				E72F62722A8A2F0700C963D2 /* BeautyManager.swift */,
			);
			path = Manager;
			sourceTree = "<group>";
		};
		E72F62762A8A3A8600C963D2 /* Extension */ = {
			isa = PBXGroup;
			children = (
				E72F62662A8A114D00C963D2 /* String+Localizable.swift */,
				E72F62682A8A11D100C963D2 /* UIImage+Show.swift */,
				E72F62772A8A3A9D00C963D2 /* UIColor+Hex.swift */,
			);
			path = Extension;
			sourceTree = "<group>";
		};
		E732E91F2A31A786004403AF /* FUBeauty */ = {
			isa = PBXGroup;
			children = (
				E77902F62A57C066008791AD /* FUManager.h */,
				E77902F72A57C066008791AD /* FUManager.m */,
				E732E9202A31A786004403AF /* authpack.h */,
			);
			path = FUBeauty;
			sourceTree = "<group>";
		};
		E77902992A4D636C008791AD /* ByteBeaufy */ = {
			isa = PBXGroup;
			children = (
				E77902A12A4D636C008791AD /* BELicenseHelper.h */,
				E779029B2A4D636C008791AD /* BELicenseHelper.mm */,
				E77902AA2A4D636C008791AD /* BEOpenGLRenderHelper.h */,
				E779029C2A4D636C008791AD /* BEOpenGLRenderHelper.m */,
				E78A5D0C2ABBECF900132189 /* Config.h */,
				E779029D2A4D636C008791AD /* Core.h */,
				E77902B02A4D636C008791AD /* BEEffectManager.h */,
				E779029F2A4D636C008791AD /* BEEffectManager.mm */,
				E78A5D0A2ABBEC9F00132189 /* BETimeRecoder.h */,
				E78A5D092ABBEC9F00132189 /* BETimeRecoder.m */,
				E77902A02A4D636C008791AD /* BEGLTexture.h */,
				E77902AD2A4D636C008791AD /* BEGLTexture.m */,
				E78A5D0E2ABC32F500132189 /* BEGLUtils.h */,
				E78A5D0D2ABC32F500132189 /* BEGLUtils.m */,
				E77902A22A4D636C008791AD /* macro.h */,
				E77902AE2A4D636C008791AD /* BEHttpRequestProvider.h */,
				E77902AF2A4D636C008791AD /* BEHttpRequestProvider.mm */,
				E77902A72A4D636C008791AD /* BEImageUtils.h */,
				E77902B42A4D636C008791AD /* BEImageUtils.m */,
				E77902B52A4D636C008791AD /* BEEffectResourceHelper.h */,
				E77902A42A4D636C008791AD /* BEEffectResourceHelper.m */,
			);
			path = ByteBeaufy;
			sourceTree = "<group>";
		};
		E77903082A57E643008791AD /* Util */ = {
			isa = PBXGroup;
			children = (
				E77903092A57E643008791AD /* BundleUtil.h */,
				E779030A2A57E643008791AD /* BundleUtil.m */,
			);
			path = Util;
			sourceTree = "<group>";
		};
		E779030C2A57EE58008791AD /* BeautyAPI */ = {
			isa = PBXGroup;
			children = (
				E70ADE422A5E50BE009947CF /* Render */,
				E779030E2A57EE58008791AD /* BeautyAPI.h */,
				E77903132A57EE58008791AD /* BeautyAPI.m */,
			);
			path = BeautyAPI;
			sourceTree = "<group>";
		};
		E779030F2A57EE58008791AD /* FURender */ = {
			isa = PBXGroup;
			children = (
				E77903112A57EE58008791AD /* FUBeautyRender.h */,
				E77903102A57EE58008791AD /* FUBeautyRender.m */,
			);
			path = FURender;
			sourceTree = "<group>";
		};
		E77903142A57EE58008791AD /* SenseRender */ = {
			isa = PBXGroup;
			children = (
				E77903152A57EE58008791AD /* SenseBeautyRender.h */,
				E77903162A57EE58008791AD /* SenseBeautyRender.m */,
			);
			path = SenseRender;
			sourceTree = "<group>";
		};
		E77903172A57EE58008791AD /* BytesRender */ = {
			isa = PBXGroup;
			children = (
				E77903192A57EE58008791AD /* BytesBeautyRender.h */,
				E77903182A57EE58008791AD /* BytesBeautyRender.m */,
			);
			path = BytesRender;
			sourceTree = "<group>";
		};
/* End PBXGroup section */

/* Begin PBXNativeTarget section */
		E72D78112A25963500C9134C /* BeautyAPi */ = {
			isa = PBXNativeTarget;
			buildConfigurationList = E72D78262A25963600C9134C /* Build configuration list for PBXNativeTarget "BeautyAPi" */;
			buildPhases = (
				0E044CBA6BCD9001EE9FA9A0 /* [CP] Check Pods Manifest.lock */,
				E72D780E2A25963500C9134C /* Sources */,
				E72D780F2A25963500C9134C /* Frameworks */,
				E72D78102A25963500C9134C /* Resources */,
				4A7E14FC6F165CEF1D9D182A /* [CP] Embed Pods Frameworks */,
				3D529FAC4B1E845162F4D78C /* [CP] Copy Pods Resources */,
			);
			buildRules = (
			);
			dependencies = (
			);
			name = BeautyAPi;
			productName = BeautyAPi;
			productReference = E72D78122A25963500C9134C /* BeautyAPi.app */;
			productType = "com.apple.product-type.application";
		};
/* End PBXNativeTarget section */

/* Begin PBXProject section */
		E72D780A2A25963500C9134C /* Project object */ = {
			isa = PBXProject;
			attributes = {
				BuildIndependentTargetsInParallel = 1;
				LastSwiftUpdateCheck = 1430;
				LastUpgradeCheck = 1430;
				TargetAttributes = {
					E72D78112A25963500C9134C = {
						CreatedOnToolsVersion = 14.3;
					};
				};
			};
			buildConfigurationList = E72D780D2A25963500C9134C /* Build configuration list for PBXProject "BeautyAPi" */;
			compatibilityVersion = "Xcode 13.0";
			developmentRegion = en;
			hasScannedForEncodings = 0;
			knownRegions = (
				en,
				Base,
			);
			mainGroup = E72D78092A25963500C9134C;
			productRefGroup = E72D78132A25963500C9134C /* Products */;
			projectDirPath = "";
			projectRoot = "";
			targets = (
				E72D78112A25963500C9134C /* BeautyAPi */,
			);
		};
/* End PBXProject section */

/* Begin PBXResourcesBuildPhase section */
		E72D78102A25963500C9134C /* Resources */ = {
			isa = PBXResourcesBuildPhase;
			buildActionMask = 2147483647;
			files = (
				E72D78222A25963600C9134C /* LaunchScreen.storyboard in Resources */,
				E72D781F2A25963600C9134C /* Assets.xcassets in Resources */,
				E72F62652A8A102B00C963D2 /* BeautyResource.bundle in Resources */,
				E72D781D2A25963500C9134C /* Main.storyboard in Resources */,
				E72D787E2A284BBA00C9134C /* BeautyViewController.storyboard in Resources */,
			);
			runOnlyForDeploymentPostprocessing = 0;
		};
/* End PBXResourcesBuildPhase section */

/* Begin PBXShellScriptBuildPhase section */
		0E044CBA6BCD9001EE9FA9A0 /* [CP] Check Pods Manifest.lock */ = {
			isa = PBXShellScriptBuildPhase;
			buildActionMask = 2147483647;
			files = (
			);
			inputFileListPaths = (
			);
			inputPaths = (
				"${PODS_PODFILE_DIR_PATH}/Podfile.lock",
				"${PODS_ROOT}/Manifest.lock",
			);
			name = "[CP] Check Pods Manifest.lock";
			outputFileListPaths = (
			);
			outputPaths = (
				"$(DERIVED_FILE_DIR)/Pods-BeautyAPi-checkManifestLockResult.txt",
			);
			runOnlyForDeploymentPostprocessing = 0;
			shellPath = /bin/sh;
			shellScript = "diff \"${PODS_PODFILE_DIR_PATH}/Podfile.lock\" \"${PODS_ROOT}/Manifest.lock\" > /dev/null\nif [ $? != 0 ] ; then\n    # print error to STDERR\n    echo \"error: The sandbox is not in sync with the Podfile.lock. Run 'pod install' or update your CocoaPods installation.\" >&2\n    exit 1\nfi\n# This output is used by Xcode 'outputs' to avoid re-running this script phase.\necho \"SUCCESS\" > \"${SCRIPT_OUTPUT_FILE_0}\"\n";
			showEnvVarsInLog = 0;
		};
		3D529FAC4B1E845162F4D78C /* [CP] Copy Pods Resources */ = {
			isa = PBXShellScriptBuildPhase;
			buildActionMask = 2147483647;
			files = (
			);
			inputFileListPaths = (
				"${PODS_ROOT}/Target Support Files/Pods-BeautyAPi/Pods-BeautyAPi-resources-${CONFIGURATION}-input-files.xcfilelist",
			);
			name = "[CP] Copy Pods Resources";
			outputFileListPaths = (
				"${PODS_ROOT}/Target Support Files/Pods-BeautyAPi/Pods-BeautyAPi-resources-${CONFIGURATION}-output-files.xcfilelist",
			);
			runOnlyForDeploymentPostprocessing = 0;
			shellPath = /bin/sh;
			shellScript = "\"${PODS_ROOT}/Target Support Files/Pods-BeautyAPi/Pods-BeautyAPi-resources.sh\"\n";
			showEnvVarsInLog = 0;
		};
		4A7E14FC6F165CEF1D9D182A /* [CP] Embed Pods Frameworks */ = {
			isa = PBXShellScriptBuildPhase;
			buildActionMask = 2147483647;
			files = (
			);
			inputFileListPaths = (
				"${PODS_ROOT}/Target Support Files/Pods-BeautyAPi/Pods-BeautyAPi-frameworks-${CONFIGURATION}-input-files.xcfilelist",
			);
			name = "[CP] Embed Pods Frameworks";
			outputFileListPaths = (
				"${PODS_ROOT}/Target Support Files/Pods-BeautyAPi/Pods-BeautyAPi-frameworks-${CONFIGURATION}-output-files.xcfilelist",
			);
			runOnlyForDeploymentPostprocessing = 0;
			shellPath = /bin/sh;
			shellScript = "\"${PODS_ROOT}/Target Support Files/Pods-BeautyAPi/Pods-BeautyAPi-frameworks.sh\"\n";
			showEnvVarsInLog = 0;
		};
/* End PBXShellScriptBuildPhase section */

/* Begin PBXSourcesBuildPhase section */
		E72D780E2A25963500C9134C /* Sources */ = {
			isa = PBXSourcesBuildPhase;
			buildActionMask = 2147483647;
			files = (
				E72D786B2A27313F00C9134C /* ViewController.swift in Sources */,
				E779031D2A57EE58008791AD /* SenseBeautyRender.m in Sources */,
				E72D78892A2897E200C9134C /* Configs.swift in Sources */,
				E72D78402A25976500C9134C /* EffectsDetector.m in Sources */,
				E72D787C2A284A1C00C9134C /* BeautyViewController.swift in Sources */,
				E77902B72A4D636C008791AD /* BELicenseHelper.mm in Sources */,
				E78A5D0F2ABC32F500132189 /* BEGLUtils.m in Sources */,
				E72D78442A25976500C9134C /* EffectsLicense.m in Sources */,
				E72F62782A8A3A9D00C963D2 /* UIColor+Hex.swift in Sources */,
				E70ADED02A68E3FB009947CF /* EFGlobalSingleton.m in Sources */,
				E72D78422A25976500C9134C /* EffectsProcess.m in Sources */,
				E72D783E2A25976500C9134C /* EffectsAttribute.m in Sources */,
				E72D78162A25963500C9134C /* AppDelegate.swift in Sources */,
				E72D78472A25976500C9134C /* EffectsCommonObject.m in Sources */,
				E77902F82A57C067008791AD /* FUManager.m in Sources */,
				E77902C32A4D636C008791AD /* BEImageUtils.m in Sources */,
				E72F62732A8A2F0700C963D2 /* BeautyManager.swift in Sources */,
				E779031B2A57EE58008791AD /* FUBeautyRender.m in Sources */,
				E72D78812A286F1600C9134C /* PickerView.swift in Sources */,
				E72D78832A286F2900C9134C /* AlertManager.swift in Sources */,
				E77902C12A4D636C008791AD /* BEHttpRequestProvider.mm in Sources */,
				E72F62612A8A0FDD00C963D2 /* BeautyMenuItemCell.swift in Sources */,
				E779031C2A57EE58008791AD /* BeautyAPI.m in Sources */,
				E72F62692A8A11D100C963D2 /* UIImage+Show.swift in Sources */,
				E72D78432A25976500C9134C /* VideoProcessingManager.m in Sources */,
				E77902C02A4D636C008791AD /* BEGLTexture.m in Sources */,
				E77902B82A4D636C008791AD /* BEOpenGLRenderHelper.m in Sources */,
				E77902BB2A4D636C008791AD /* BEEffectResourceHelper.m in Sources */,
				E779030B2A57E643008791AD /* BundleUtil.m in Sources */,
				E72F62632A8A0FF900C963D2 /* BeautyModel.swift in Sources */,
				E72F625F2A8A0F9600C963D2 /* BeautyBaseVC.swift in Sources */,
				E72D78462A25976500C9134C /* EFMotionManager.m in Sources */,
				E77902B92A4D636C008791AD /* BEEffectManager.mm in Sources */,
				E78A5D0B2ABBEC9F00132189 /* BETimeRecoder.m in Sources */,
				E72D78412A25976500C9134C /* EffectsAnimal.m in Sources */,
				E779031E2A57EE58008791AD /* BytesBeautyRender.m in Sources */,
				E72F626F2A8A2E6A00C963D2 /* FUBeautyManager.swift in Sources */,
				E72F625E2A8A0F9600C963D2 /* BeautyMenuItemVC.swift in Sources */,
				E72D783F2A25976500C9134C /* Effects.m in Sources */,
				E72D78182A25963500C9134C /* SceneDelegate.swift in Sources */,
				E72D78872A2893F300C9134C /* CLSettingCellView.swift in Sources */,
				E72D78572A259E9C00C9134C /* KeyCenter.swift in Sources */,
				E72F62712A8A2E6A00C963D2 /* ByteBeautyManager.swift in Sources */,
				E72F62702A8A2E6A00C963D2 /* SenseBeautyManager.swift in Sources */,
				E72F62672A8A114D00C963D2 /* String+Localizable.swift in Sources */,
			);
			runOnlyForDeploymentPostprocessing = 0;
		};
/* End PBXSourcesBuildPhase section */

/* Begin PBXVariantGroup section */
		E72D781B2A25963500C9134C /* Main.storyboard */ = {
			isa = PBXVariantGroup;
			children = (
				E72D781C2A25963500C9134C /* Base */,
			);
			name = Main.storyboard;
			sourceTree = "<group>";
		};
		E72D78202A25963600C9134C /* LaunchScreen.storyboard */ = {
			isa = PBXVariantGroup;
			children = (
				E72D78212A25963600C9134C /* Base */,
			);
			name = LaunchScreen.storyboard;
			sourceTree = "<group>";
		};
/* End PBXVariantGroup section */

/* Begin XCBuildConfiguration section */
		E72D78242A25963600C9134C /* Debug */ = {
			isa = XCBuildConfiguration;
			buildSettings = {
				ALWAYS_SEARCH_USER_PATHS = NO;
				CLANG_ANALYZER_NONNULL = YES;
				CLANG_ANALYZER_NUMBER_OBJECT_CONVERSION = YES_AGGRESSIVE;
				CLANG_CXX_LANGUAGE_STANDARD = "gnu++20";
				CLANG_ENABLE_MODULES = YES;
				CLANG_ENABLE_OBJC_ARC = YES;
				CLANG_ENABLE_OBJC_WEAK = YES;
				CLANG_WARN_BLOCK_CAPTURE_AUTORELEASING = YES;
				CLANG_WARN_BOOL_CONVERSION = YES;
				CLANG_WARN_COMMA = YES;
				CLANG_WARN_CONSTANT_CONVERSION = YES;
				CLANG_WARN_DEPRECATED_OBJC_IMPLEMENTATIONS = YES;
				CLANG_WARN_DIRECT_OBJC_ISA_USAGE = YES_ERROR;
				CLANG_WARN_DOCUMENTATION_COMMENTS = YES;
				CLANG_WARN_EMPTY_BODY = YES;
				CLANG_WARN_ENUM_CONVERSION = YES;
				CLANG_WARN_INFINITE_RECURSION = YES;
				CLANG_WARN_INT_CONVERSION = YES;
				CLANG_WARN_NON_LITERAL_NULL_CONVERSION = YES;
				CLANG_WARN_OBJC_IMPLICIT_RETAIN_SELF = YES;
				CLANG_WARN_OBJC_LITERAL_CONVERSION = YES;
				CLANG_WARN_OBJC_ROOT_CLASS = YES_ERROR;
				CLANG_WARN_QUOTED_INCLUDE_IN_FRAMEWORK_HEADER = YES;
				CLANG_WARN_RANGE_LOOP_ANALYSIS = YES;
				CLANG_WARN_STRICT_PROTOTYPES = YES;
				CLANG_WARN_SUSPICIOUS_MOVE = YES;
				CLANG_WARN_UNGUARDED_AVAILABILITY = YES_AGGRESSIVE;
				CLANG_WARN_UNREACHABLE_CODE = YES;
				CLANG_WARN__DUPLICATE_METHOD_MATCH = YES;
				COPY_PHASE_STRIP = NO;
				DEBUG_INFORMATION_FORMAT = dwarf;
				ENABLE_STRICT_OBJC_MSGSEND = YES;
				ENABLE_TESTABILITY = YES;
				GCC_C_LANGUAGE_STANDARD = gnu11;
				GCC_DYNAMIC_NO_PIC = NO;
				GCC_NO_COMMON_BLOCKS = YES;
				GCC_OPTIMIZATION_LEVEL = 0;
				GCC_PREPROCESSOR_DEFINITIONS = (
					"DEBUG=1",
					"$(inherited)",
				);
				GCC_WARN_64_TO_32_BIT_CONVERSION = YES;
				GCC_WARN_ABOUT_RETURN_TYPE = YES_ERROR;
				GCC_WARN_UNDECLARED_SELECTOR = YES;
				GCC_WARN_UNINITIALIZED_AUTOS = YES_AGGRESSIVE;
				GCC_WARN_UNUSED_FUNCTION = YES;
				GCC_WARN_UNUSED_VARIABLE = YES;
				IPHONEOS_DEPLOYMENT_TARGET = 16.4;
				MTL_ENABLE_DEBUG_INFO = INCLUDE_SOURCE;
				MTL_FAST_MATH = YES;
				ONLY_ACTIVE_ARCH = YES;
				SDKROOT = iphoneos;
				SWIFT_ACTIVE_COMPILATION_CONDITIONS = DEBUG;
				SWIFT_OPTIMIZATION_LEVEL = "-Onone";
			};
			name = Debug;
		};
		E72D78252A25963600C9134C /* Release */ = {
			isa = XCBuildConfiguration;
			buildSettings = {
				ALWAYS_SEARCH_USER_PATHS = NO;
				CLANG_ANALYZER_NONNULL = YES;
				CLANG_ANALYZER_NUMBER_OBJECT_CONVERSION = YES_AGGRESSIVE;
				CLANG_CXX_LANGUAGE_STANDARD = "gnu++20";
				CLANG_ENABLE_MODULES = YES;
				CLANG_ENABLE_OBJC_ARC = YES;
				CLANG_ENABLE_OBJC_WEAK = YES;
				CLANG_WARN_BLOCK_CAPTURE_AUTORELEASING = YES;
				CLANG_WARN_BOOL_CONVERSION = YES;
				CLANG_WARN_COMMA = YES;
				CLANG_WARN_CONSTANT_CONVERSION = YES;
				CLANG_WARN_DEPRECATED_OBJC_IMPLEMENTATIONS = YES;
				CLANG_WARN_DIRECT_OBJC_ISA_USAGE = YES_ERROR;
				CLANG_WARN_DOCUMENTATION_COMMENTS = YES;
				CLANG_WARN_EMPTY_BODY = YES;
				CLANG_WARN_ENUM_CONVERSION = YES;
				CLANG_WARN_INFINITE_RECURSION = YES;
				CLANG_WARN_INT_CONVERSION = YES;
				CLANG_WARN_NON_LITERAL_NULL_CONVERSION = YES;
				CLANG_WARN_OBJC_IMPLICIT_RETAIN_SELF = YES;
				CLANG_WARN_OBJC_LITERAL_CONVERSION = YES;
				CLANG_WARN_OBJC_ROOT_CLASS = YES_ERROR;
				CLANG_WARN_QUOTED_INCLUDE_IN_FRAMEWORK_HEADER = YES;
				CLANG_WARN_RANGE_LOOP_ANALYSIS = YES;
				CLANG_WARN_STRICT_PROTOTYPES = YES;
				CLANG_WARN_SUSPICIOUS_MOVE = YES;
				CLANG_WARN_UNGUARDED_AVAILABILITY = YES_AGGRESSIVE;
				CLANG_WARN_UNREACHABLE_CODE = YES;
				CLANG_WARN__DUPLICATE_METHOD_MATCH = YES;
				COPY_PHASE_STRIP = NO;
				DEBUG_INFORMATION_FORMAT = "dwarf-with-dsym";
				ENABLE_NS_ASSERTIONS = NO;
				ENABLE_STRICT_OBJC_MSGSEND = YES;
				GCC_C_LANGUAGE_STANDARD = gnu11;
				GCC_NO_COMMON_BLOCKS = YES;
				GCC_WARN_64_TO_32_BIT_CONVERSION = YES;
				GCC_WARN_ABOUT_RETURN_TYPE = YES_ERROR;
				GCC_WARN_UNDECLARED_SELECTOR = YES;
				GCC_WARN_UNINITIALIZED_AUTOS = YES_AGGRESSIVE;
				GCC_WARN_UNUSED_FUNCTION = YES;
				GCC_WARN_UNUSED_VARIABLE = YES;
				IPHONEOS_DEPLOYMENT_TARGET = 16.4;
				MTL_ENABLE_DEBUG_INFO = NO;
				MTL_FAST_MATH = YES;
				SDKROOT = iphoneos;
				SWIFT_COMPILATION_MODE = wholemodule;
				SWIFT_OPTIMIZATION_LEVEL = "-O";
				VALIDATE_PRODUCT = YES;
			};
			name = Release;
		};
		E72D78272A25963600C9134C /* Debug */ = {
			isa = XCBuildConfiguration;
			baseConfigurationReference = 0D6108959E288EB21E103A36 /* Pods-BeautyAPi.debug.xcconfig */;
			buildSettings = {
				ASSETCATALOG_COMPILER_APPICON_NAME = AppIcon;
				ASSETCATALOG_COMPILER_GLOBAL_ACCENT_COLOR_NAME = AccentColor;
				CODE_SIGN_STYLE = Automatic;
				CURRENT_PROJECT_VERSION = 1;
				DEVELOPMENT_TEAM = YS397FG5PA;
				GENERATE_INFOPLIST_FILE = YES;
				HEADER_SEARCH_PATHS = (
					"$(inherited)",
					"\"${PODS_CONFIGURATION_BUILD_DIR}/BeautyAPI/BeautyAPI.framework/Headers\"",
					"$(SRCROOT)/*/FUManager.h/**",
				);
				INFOPLIST_FILE = BeautyAPi/Info.plist;
				INFOPLIST_KEY_NSCameraUsageDescription = "Request Camera Access";
				INFOPLIST_KEY_NSMicrophoneUsageDescription = "Request Mic Access";
				INFOPLIST_KEY_UIApplicationSupportsIndirectInputEvents = YES;
				INFOPLIST_KEY_UILaunchStoryboardName = LaunchScreen;
				INFOPLIST_KEY_UIMainStoryboardFile = Main;
				INFOPLIST_KEY_UISupportedInterfaceOrientations_iPad = "UIInterfaceOrientationPortrait UIInterfaceOrientationPortraitUpsideDown UIInterfaceOrientationLandscapeLeft UIInterfaceOrientationLandscapeRight";
				INFOPLIST_KEY_UISupportedInterfaceOrientations_iPhone = "UIInterfaceOrientationPortrait UIInterfaceOrientationLandscapeLeft UIInterfaceOrientationLandscapeRight";
				IPHONEOS_DEPLOYMENT_TARGET = 13.0;
				LD_RUNPATH_SEARCH_PATHS = (
					"$(inherited)",
					"@executable_path/Frameworks",
				);
				MARKETING_VERSION = 1.0;
				PRODUCT_BUNDLE_IDENTIFIER = io.agora.test.entfull;
				PRODUCT_NAME = "$(TARGET_NAME)";
				SWIFT_EMIT_LOC_STRINGS = YES;
				SWIFT_OBJC_BRIDGING_HEADER = "BeautyAPi/BeautyAPI-Bridging-Header.h";
				SWIFT_VERSION = 5.0;
				TARGETED_DEVICE_FAMILY = "1,2";
			};
			name = Debug;
		};
		E72D78282A25963600C9134C /* Release */ = {
			isa = XCBuildConfiguration;
			baseConfigurationReference = A646339435DAD37A2AE0A5BC /* Pods-BeautyAPi.release.xcconfig */;
			buildSettings = {
				ASSETCATALOG_COMPILER_APPICON_NAME = AppIcon;
				ASSETCATALOG_COMPILER_GLOBAL_ACCENT_COLOR_NAME = AccentColor;
				CODE_SIGN_STYLE = Automatic;
				CURRENT_PROJECT_VERSION = 1;
				DEVELOPMENT_TEAM = YS397FG5PA;
				GENERATE_INFOPLIST_FILE = YES;
				INFOPLIST_FILE = BeautyAPi/Info.plist;
				INFOPLIST_KEY_NSCameraUsageDescription = "Request Camera Access";
				INFOPLIST_KEY_NSMicrophoneUsageDescription = "Request Mic Access";
				INFOPLIST_KEY_UIApplicationSupportsIndirectInputEvents = YES;
				INFOPLIST_KEY_UILaunchStoryboardName = LaunchScreen;
				INFOPLIST_KEY_UIMainStoryboardFile = Main;
				INFOPLIST_KEY_UISupportedInterfaceOrientations_iPad = "UIInterfaceOrientationPortrait UIInterfaceOrientationPortraitUpsideDown UIInterfaceOrientationLandscapeLeft UIInterfaceOrientationLandscapeRight";
				INFOPLIST_KEY_UISupportedInterfaceOrientations_iPhone = "UIInterfaceOrientationPortrait UIInterfaceOrientationLandscapeLeft UIInterfaceOrientationLandscapeRight";
				IPHONEOS_DEPLOYMENT_TARGET = 13.0;
				LD_RUNPATH_SEARCH_PATHS = (
					"$(inherited)",
					"@executable_path/Frameworks",
				);
				MARKETING_VERSION = 1.0;
				PRODUCT_BUNDLE_IDENTIFIER = io.agora.test.entfull;
				PRODUCT_NAME = "$(TARGET_NAME)";
				SWIFT_EMIT_LOC_STRINGS = YES;
				SWIFT_OBJC_BRIDGING_HEADER = "BeautyAPi/BeautyAPI-Bridging-Header.h";
				SWIFT_VERSION = 5.0;
				TARGETED_DEVICE_FAMILY = "1,2";
			};
			name = Release;
		};
/* End XCBuildConfiguration section */

/* Begin XCConfigurationList section */
		E72D780D2A25963500C9134C /* Build configuration list for PBXProject "BeautyAPi" */ = {
			isa = XCConfigurationList;
			buildConfigurations = (
				E72D78242A25963600C9134C /* Debug */,
				E72D78252A25963600C9134C /* Release */,
			);
			defaultConfigurationIsVisible = 0;
			defaultConfigurationName = Release;
		};
		E72D78262A25963600C9134C /* Build configuration list for PBXNativeTarget "BeautyAPi" */ = {
			isa = XCConfigurationList;
			buildConfigurations = (
				E72D78272A25963600C9134C /* Debug */,
				E72D78282A25963600C9134C /* Release */,
			);
			defaultConfigurationIsVisible = 0;
			defaultConfigurationName = Release;
		};
/* End XCConfigurationList section */
	};
	rootObject = E72D780A2A25963500C9134C /* Project object */;
}
